agent: TR
session_start: 2026-06-11T15:15:00+08:00
files:
  - textbook/ch01.html ~ ch29.html
  - textbook/app-a.html ~ app-n.html
  - upls/index.html
  - unis/index.html
  - ubms/index.html
  - rever/index.html
  - pse/index.html
  - glossary/index.html
  - textbook/index.html
scope_note: 修复子页面导航栏重复 INTRE logo（移除多余 img 标签，与主页一致）。Cross-scope: website-frontend
